
Microsoft Visual Studio Solution File, Format Version 12.00
# Visual Studio Version 17
VisualStudioVersion = 17.13.35806.99 d17.13
MinimumVisualStudioVersion = 10.0.40219.1
Project("{FAE04EC0-301F-11D3-BF4B-00C04F79EFBC}") = "tpmodul7_kelompok_07", "tpmodul7_kelompok_07\tpmodul7_kelompok_07.csproj", "{87B23A59-4296-4189-BADB-0F095FB7ACDF}"
EndProject
Global
	GlobalSection(SolutionConfigurationPlatforms) = preSolution
		Debug|Any CPU = Debug|Any CPU
		Release|Any CPU = Release|Any CPU
	EndGlobalSection
	GlobalSection(ProjectConfigurationPlatforms) = postSolution
		{87B23A59-4296-4189-BADB-0F095FB7ACDF}.Debug|Any CPU.ActiveCfg = Debug|Any CPU
		{87B23A59-4296-4189-BADB-0F095FB7ACDF}.Debug|Any CPU.Build.0 = Debug|Any CPU
		{87B23A59-4296-4189-BADB-0F095FB7ACDF}.Release|Any CPU.ActiveCfg = Release|Any CPU
		{87B23A59-4296-4189-BADB-0F095FB7ACDF}.Release|Any CPU.Build.0 = Release|Any CPU
	EndGlobalSection
	GlobalSection(SolutionProperties) = preSolution
		HideSolutionNode = FALSE
	EndGlobalSection
	GlobalSection(ExtensibilityGlobals) = postSolution
		SolutionGuid = {B5D2F53A-D0E2-4EF7-B237-7A88FA3256D7}
	EndGlobalSection
EndGlobal
